
Microsoft Visual Studio Solution File, Format Version 12.00
# Visual Studio Version 17
VisualStudioVersion = 17.0.31919.166
MinimumVisualStudioVersion = 10.0.40219.1
Project("{9A19103F-16F7-4668-BE54-9A1E7A4F7556}") = "Denomica.Cosmos.Extensions", "Denomica.Cosmos.Extensions\Denomica.Cosmos.Extensions.csproj", "{8993D6FD-5EC5-4CD5-BF26-DA0C15AEBCD1}"
EndProject
Project("{9A19103F-16F7-4668-BE54-9A1E7A4F7556}") = "Denomica.Cosmos.Extensions.Tests", "Denomica.Cosmos.Extensions.Tests\Denomica.Cosmos.Extensions.Tests.csproj", "{DCB7EF93-D054-452E-82A3-ABC8BAFB3579}"
EndProject
Project("{FAE04EC0-301F-11D3-BF4B-00C04F79EFBC}") = "Denomica.Cosmos.Extensions.Model", "Denomica.Cosmos.Extensions.Model\Denomica.Cosmos.Extensions.Model.csproj", "{2BB099D0-65A0-4A33-815F-55038A579643}"
EndProject
Project("{FAE04EC0-301F-11D3-BF4B-00C04F79EFBC}") = "Denomica.Cosmos.Extensions.JsonLd", "Denomica.Cosmos.Extensions.JsonLd\Denomica.Cosmos.Extensions.JsonLd.csproj", "{954DC7EE-62AF-43D1-AA57-0D1352E0F85F}"
EndProject
Global
	GlobalSection(SolutionConfigurationPlatforms) = preSolution
		Debug|Any CPU = Debug|Any CPU
		Release|Any CPU = Release|Any CPU
	EndGlobalSection
	GlobalSection(ProjectConfigurationPlatforms) = postSolution
		{8993D6FD-5EC5-4CD5-BF26-DA0C15AEBCD1}.Debug|Any CPU.ActiveCfg = Debug|Any CPU
		{8993D6FD-5EC5-4CD5-BF26-DA0C15AEBCD1}.Debug|Any CPU.Build.0 = Debug|Any CPU
		{8993D6FD-5EC5-4CD5-BF26-DA0C15AEBCD1}.Release|Any CPU.ActiveCfg = Release|Any CPU
		{8993D6FD-5EC5-4CD5-BF26-DA0C15AEBCD1}.Release|Any CPU.Build.0 = Release|Any CPU
		{DCB7EF93-D054-452E-82A3-ABC8BAFB3579}.Debug|Any CPU.ActiveCfg = Debug|Any CPU
		{DCB7EF93-D054-452E-82A3-ABC8BAFB3579}.Debug|Any CPU.Build.0 = Debug|Any CPU
		{DCB7EF93-D054-452E-82A3-ABC8BAFB3579}.Release|Any CPU.ActiveCfg = Release|Any CPU
		{DCB7EF93-D054-452E-82A3-ABC8BAFB3579}.Release|Any CPU.Build.0 = Release|Any CPU
		{2BB099D0-65A0-4A33-815F-55038A579643}.Debug|Any CPU.ActiveCfg = Debug|Any CPU
		{2BB099D0-65A0-4A33-815F-55038A579643}.Debug|Any CPU.Build.0 = Debug|Any CPU
		{2BB099D0-65A0-4A33-815F-55038A579643}.Release|Any CPU.ActiveCfg = Release|Any CPU
		{2BB099D0-65A0-4A33-815F-55038A579643}.Release|Any CPU.Build.0 = Release|Any CPU
		{954DC7EE-62AF-43D1-AA57-0D1352E0F85F}.Debug|Any CPU.ActiveCfg = Debug|Any CPU
		{954DC7EE-62AF-43D1-AA57-0D1352E0F85F}.Debug|Any CPU.Build.0 = Debug|Any CPU
		{954DC7EE-62AF-43D1-AA57-0D1352E0F85F}.Release|Any CPU.ActiveCfg = Release|Any CPU
		{954DC7EE-62AF-43D1-AA57-0D1352E0F85F}.Release|Any CPU.Build.0 = Release|Any CPU
	EndGlobalSection
	GlobalSection(SolutionProperties) = preSolution
		HideSolutionNode = FALSE
	EndGlobalSection
	GlobalSection(ExtensibilityGlobals) = postSolution
		SolutionGuid = {AC8F01B8-362C-488E-B5A8-0CD46FB10E75}
	EndGlobalSection
EndGlobal
